// !$*UTF8*$!
{
	archiveVersion = 1;
	classes = {
	};
	objectVersion = 46;
	objects = {

/* Begin PBXBuildFile section */
		AA2145E81ABA4FD900592B22 /* CalendarsTableViewController.m in Sources */ = {isa = PBXBuildFile; fileRef = AA2145E71ABA4FD900592B22 /* CalendarsTableViewController.m */; };
		AA2145EA1ABA573D00592B22 /* Podfile in Resources */ = {isa = PBXBuildFile; fileRef = AA2145E91ABA573D00592B22 /* Podfile */; };
		AAD893361ABA49E30098A98A /* main.m in Sources */ = {isa = PBXBuildFile; fileRef = AAD893351ABA49E30098A98A /* main.m */; };
		AAD893391ABA49E30098A98A /* AppDelegate.m in Sources */ = {isa = PBXBuildFile; fileRef = AAD893381ABA49E30098A98A /* AppDelegate.m */; };
		AAD8933F1ABA49E30098A98A /* Main.storyboard in Resources */ = {isa = PBXBuildFile; fileRef = AAD8933D1ABA49E30098A98A /* Main.storyboard */; };
		AAD893411ABA49E30098A98A /* Images.xcassets in Resources */ = {isa = PBXBuildFile; fileRef = AAD893401ABA49E30098A98A /* Images.xcassets */; };
		AAD893441ABA49E30098A98A /* LaunchScreen.xib in Resources */ = {isa = PBXBuildFile; fileRef = AAD893421ABA49E30098A98A /* LaunchScreen.xib */; };
		AAD893501ABA49E30098A98A /* TrackerTests.m in Sources */ = {isa = PBXBuildFile; fileRef = AAD8934F1ABA49E30098A98A /* TrackerTests.m */; };
		AAE2DB0D1ABA4BD500A75FA8 /* README.md in Sources */ = {isa = PBXBuildFile; fileRef = AAE2DB0C1ABA4BD500A75FA8 /* README.md */; };
		D4EFA96B42EB7E0085DB206F /* libPods.a in Frameworks */ = {isa = PBXBuildFile; fileRef = 12A3C648F9BA933202959FEC /* libPods.a */; };
/* End PBXBuildFile section */

/* Begin PBXContainerItemProxy section */
		AAD8934A1ABA49E30098A98A /* PBXContainerItemProxy */ = {
			isa = PBXContainerItemProxy;
			containerPortal = AAD893281ABA49E30098A98A /* Project object */;
			proxyType = 1;
			remoteGlobalIDString = AAD8932F1ABA49E30098A98A;
			remoteInfo = Tracker;
		};
/* End PBXContainerItemProxy section */

/* Begin PBXFileReference section */
		12A3C648F9BA933202959FEC /* libPods.a */ = {isa = PBXFileReference; explicitFileType = archive.ar; includeInIndex = 0; path = libPods.a; sourceTree = BUILT_PRODUCTS_DIR; };
		375BD0DB8D77A24EB0E0C9E0 /* Pods.release.xcconfig */ = {isa = PBXFileReference; includeInIndex = 1; lastKnownFileType = text.xcconfig; name = Pods.release.xcconfig; path = "Pods/Target Support Files/Pods/Pods.release.xcconfig"; sourceTree = "<group>"; };
		5DE7834ACD31361380613438 /* Pods.debug.xcconfig */ = {isa = PBXFileReference; includeInIndex = 1; lastKnownFileType = text.xcconfig; name = Pods.debug.xcconfig; path = "Pods/Target Support Files/Pods/Pods.debug.xcconfig"; sourceTree = "<group>"; };
		AA2145E61ABA4FD900592B22 /* CalendarsTableViewController.h */ = {isa = PBXFileReference; fileEncoding = 4; lastKnownFileType = sourcecode.c.h; path = CalendarsTableViewController.h; sourceTree = "<group>"; };
		AA2145E71ABA4FD900592B22 /* CalendarsTableViewController.m */ = {isa = PBXFileReference; fileEncoding = 4; lastKnownFileType = sourcecode.c.objc; path = CalendarsTableViewController.m; sourceTree = "<group>"; };
		AA2145E91ABA573D00592B22 /* Podfile */ = {isa = PBXFileReference; fileEncoding = 4; lastKnownFileType = text; path = Podfile; sourceTree = SOURCE_ROOT; };
		AAD893301ABA49E30098A98A /* Tracker.app */ = {isa = PBXFileReference; explicitFileType = wrapper.application; includeInIndex = 0; path = Tracker.app; sourceTree = BUILT_PRODUCTS_DIR; };
		AAD893341ABA49E30098A98A /* Info.plist */ = {isa = PBXFileReference; lastKnownFileType = text.plist.xml; path = Info.plist; sourceTree = "<group>"; };
		AAD893351ABA49E30098A98A /* main.m */ = {isa = PBXFileReference; lastKnownFileType = sourcecode.c.objc; path = main.m; sourceTree = "<group>"; };
		AAD893371ABA49E30098A98A /* AppDelegate.h */ = {isa = PBXFileReference; lastKnownFileType = sourcecode.c.h; path = AppDelegate.h; sourceTree = "<group>"; };
		AAD893381ABA49E30098A98A /* AppDelegate.m */ = {isa = PBXFileReference; lastKnownFileType = sourcecode.c.objc; path = AppDelegate.m; sourceTree = "<group>"; };
		AAD8933E1ABA49E30098A98A /* Base */ = {isa = PBXFileReference; lastKnownFileType = file.storyboard; name = Base; path = Base.lproj/Main.storyboard; sourceTree = "<group>"; };
		AAD893401ABA49E30098A98A /* Images.xcassets */ = {isa = PBXFileReference; lastKnownFileType = folder.assetcatalog; path = Images.xcassets; sourceTree = "<group>"; };
		AAD893431ABA49E30098A98A /* Base */ = {isa = PBXFileReference; lastKnownFileType = file.xib; name = Base; path = Base.lproj/LaunchScreen.xib; sourceTree = "<group>"; };
		AAD893491ABA49E30098A98A /* TrackerTests.xctest */ = {isa = PBXFileReference; explicitFileType = wrapper.cfbundle; includeInIndex = 0; path = TrackerTests.xctest; sourceTree = BUILT_PRODUCTS_DIR; };
		AAD8934E1ABA49E30098A98A /* Info.plist */ = {isa = PBXFileReference; lastKnownFileType = text.plist.xml; path = Info.plist; sourceTree = "<group>"; };
		AAD8934F1ABA49E30098A98A /* TrackerTests.m */ = {isa = PBXFileReference; lastKnownFileType = sourcecode.c.objc; path = TrackerTests.m; sourceTree = "<group>"; };
		AAE2DB0C1ABA4BD500A75FA8 /* README.md */ = {isa = PBXFileReference; fileEncoding = 4; lastKnownFileType = net.daringfireball.markdown; path = README.md; sourceTree = SOURCE_ROOT; };
/* End PBXFileReference section */

/* Begin PBXFrameworksBuildPhase section */
		AAD8932D1ABA49E30098A98A /* Frameworks */ = {
			isa = PBXFrameworksBuildPhase;
			buildActionMask = 2147483647;
			files = (
				D4EFA96B42EB7E0085DB206F /* libPods.a in Frameworks */,
			);
			runOnlyForDeploymentPostprocessing = 0;
		};
		AAD893461ABA49E30098A98A /* Frameworks */ = {
			isa = PBXFrameworksBuildPhase;
			buildActionMask = 2147483647;
			files = (
			);
			runOnlyForDeploymentPostprocessing = 0;
		};
/* End PBXFrameworksBuildPhase section */

/* Begin PBXGroup section */
		1BDE776C44BA307F984F013D /* Pods */ = {
			isa = PBXGroup;
			children = (
				5DE7834ACD31361380613438 /* Pods.debug.xcconfig */,
				375BD0DB8D77A24EB0E0C9E0 /* Pods.release.xcconfig */,
			);
			name = Pods;
			sourceTree = "<group>";
		};
		3C9911F1B05B9343CD968CD4 /* Frameworks */ = {
			isa = PBXGroup;
			children = (
				12A3C648F9BA933202959FEC /* libPods.a */,
			);
			name = Frameworks;
			sourceTree = "<group>";
		};
		AAD893271ABA49E30098A98A = {
			isa = PBXGroup;
			children = (
				AAD893321ABA49E30098A98A /* Tracker */,
				AAD8934C1ABA49E30098A98A /* TrackerTests */,
				AAD893311ABA49E30098A98A /* Products */,
				1BDE776C44BA307F984F013D /* Pods */,
				3C9911F1B05B9343CD968CD4 /* Frameworks */,
			);
			sourceTree = "<group>";
		};
		AAD893311ABA49E30098A98A /* Products */ = {
			isa = PBXGroup;
			children = (
				AAD893301ABA49E30098A98A /* Tracker.app */,
				AAD893491ABA49E30098A98A /* TrackerTests.xctest */,
			);
			name = Products;
			sourceTree = "<group>";
		};
		AAD893321ABA49E30098A98A /* Tracker */ = {
			isa = PBXGroup;
			children = (
				AAD893371ABA49E30098A98A /* AppDelegate.h */,
				AAD893381ABA49E30098A98A /* AppDelegate.m */,
				AAD8933D1ABA49E30098A98A /* Main.storyboard */,
				AA2145E61ABA4FD900592B22 /* CalendarsTableViewController.h */,
				AA2145E71ABA4FD900592B22 /* CalendarsTableViewController.m */,
				AAD893401ABA49E30098A98A /* Images.xcassets */,
				AAD893421ABA49E30098A98A /* LaunchScreen.xib */,
				AAD893331ABA49E30098A98A /* Supporting Files */,
			);
			path = Tracker;
			sourceTree = "<group>";
		};
		AAD893331ABA49E30098A98A /* Supporting Files */ = {
			isa = PBXGroup;
			children = (
				AA2145E91ABA573D00592B22 /* Podfile */,
				AAE2DB0C1ABA4BD500A75FA8 /* README.md */,
				AAD893341ABA49E30098A98A /* Info.plist */,
				AAD893351ABA49E30098A98A /* main.m */,
			);
			name = "Supporting Files";
			sourceTree = "<group>";
		};
		AAD8934C1ABA49E30098A98A /* TrackerTests */ = {
			isa = PBXGroup;
			children = (
				AAD8934F1ABA49E30098A98A /* TrackerTests.m */,
				AAD8934D1ABA49E30098A98A /* Supporting Files */,
			);
			path = TrackerTests;
			sourceTree = "<group>";
		};
		AAD8934D1ABA49E30098A98A /* Supporting Files */ = {
			isa = PBXGroup;
			children = (
				AAD8934E1ABA49E30098A98A /* Info.plist */,
			);
			name = "Supporting Files";
			sourceTree = "<group>";
		};
/* End PBXGroup section */

/* Begin PBXNativeTarget section */
		AAD8932F1ABA49E30098A98A /* Tracker */ = {
			isa = PBXNativeTarget;
			buildConfigurationList = AAD893531ABA49E30098A98A /* Build configuration list for PBXNativeTarget "Tracker" */;
			buildPhases = (
				86E3C98ECD3F96CB5258BD7B /* Check Pods Manifest.lock */,
				AAD8932C1ABA49E30098A98A /* Sources */,
				AAD8932D1ABA49E30098A98A /* Frameworks */,
				AAD8932E1ABA49E30098A98A /* Resources */,
				5A70122595EE7E91D779753E /* Copy Pods Resources */,
			);
			buildRules = (
			);
			dependencies = (
			);
			name = Tracker;
			productName = Tracker;
			productReference = AAD893301ABA49E30098A98A /* Tracker.app */;
			productType = "com.apple.product-type.application";
		};
		AAD893481ABA49E30098A98A /* TrackerTests */ = {
			isa = PBXNativeTarget;
			buildConfigurationList = AAD893561ABA49E30098A98A /* Build configuration list for PBXNativeTarget "TrackerTests" */;
			buildPhases = (
				AAD893451ABA49E30098A98A /* Sources */,
				AAD893461ABA49E30098A98A /* Frameworks */,
				AAD893471ABA49E30098A98A /* Resources */,
			);
			buildRules = (
			);
			dependencies = (
				AAD8934B1ABA49E30098A98A /* PBXTargetDependency */,
			);
			name = TrackerTests;
			productName = TrackerTests;
			productReference = AAD893491ABA49E30098A98A /* TrackerTests.xctest */;
			productType = "com.apple.product-type.bundle.unit-test";
		};
/* End PBXNativeTarget section */

/* Begin PBXProject section */
		AAD893281ABA49E30098A98A /* Project object */ = {
			isa = PBXProject;
			attributes = {
				LastUpgradeCheck = 0620;
				ORGANIZATIONNAME = "Steve Spencer";
				TargetAttributes = {
					AAD8932F1ABA49E30098A98A = {
						CreatedOnToolsVersion = 6.2;
					};
					AAD893481ABA49E30098A98A = {
						CreatedOnToolsVersion = 6.2;
						TestTargetID = AAD8932F1ABA49E30098A98A;
					};
				};
			};
			buildConfigurationList = AAD8932B1ABA49E30098A98A /* Build configuration list for PBXProject "Tracker" */;
			compatibilityVersion = "Xcode 3.2";
			developmentRegion = English;
			hasScannedForEncodings = 0;
			knownRegions = (
				en,
				Base,
			);
			mainGroup = AAD893271ABA49E30098A98A;
			productRefGroup = AAD893311ABA49E30098A98A /* Products */;
			projectDirPath = "";
			projectRoot = "";
			targets = (
				AAD8932F1ABA49E30098A98A /* Tracker */,
				AAD893481ABA49E30098A98A /* TrackerTests */,
			);
		};
/* End PBXProject section */

/* Begin PBXResourcesBuildPhase section */
		AAD8932E1ABA49E30098A98A /* Resources */ = {
			isa = PBXResourcesBuildPhase;
			buildActionMask = 2147483647;
			files = (
				AAD8933F1ABA49E30098A98A /* Main.storyboard in Resources */,
				AAD893441ABA49E30098A98A /* LaunchScreen.xib in Resources */,
				AA2145EA1ABA573D00592B22 /* Podfile in Resources */,
				AAD893411ABA49E30098A98A /* Images.xcassets in Resources */,
			);
			runOnlyForDeploymentPostprocessing = 0;
		};
		AAD893471ABA49E30098A98A /* Resources */ = {
			isa = PBXResourcesBuildPhase;
			buildActionMask = 2147483647;
			files = (
			);
			runOnlyForDeploymentPostprocessing = 0;
		};
/* End PBXResourcesBuildPhase section */

/* Begin PBXShellScriptBuildPhase section */
		5A70122595EE7E91D779753E /* Copy Pods Resources */ = {
			isa = PBXShellScriptBuildPhase;
			buildActionMask = 2147483647;
			files = (
			);
			inputPaths = (
			);
			name = "Copy Pods Resources";
			outputPaths = (
			);
			runOnlyForDeploymentPostprocessing = 0;
			shellPath = /bin/sh;
			shellScript = "\"${SRCROOT}/Pods/Target Support Files/Pods/Pods-resources.sh\"\n";
			showEnvVarsInLog = 0;
		};
		86E3C98ECD3F96CB5258BD7B /* Check Pods Manifest.lock */ = {
			isa = PBXShellScriptBuildPhase;
			buildActionMask = 2147483647;
			files = (
			);
			inputPaths = (
			);
			name = "Check Pods Manifest.lock";
			outputPaths = (
			);
			runOnlyForDeploymentPostprocessing = 0;
			shellPath = /bin/sh;
			shellScript = "diff \"${PODS_ROOT}/../Podfile.lock\" \"${PODS_ROOT}/Manifest.lock\" > /dev/null\nif [[ $? != 0 ]] ; then\n    cat << EOM\nerror: The sandbox is not in sync with the Podfile.lock. Run 'pod install' or update your CocoaPods installation.\nEOM\n    exit 1\nfi\n";
			showEnvVarsInLog = 0;
		};
/* End PBXShellScriptBuildPhase section */

/* Begin PBXSourcesBuildPhase section */
		AAD8932C1ABA49E30098A98A /* Sources */ = {
			isa = PBXSourcesBuildPhase;
			buildActionMask = 2147483647;
			files = (
				AAD893391ABA49E30098A98A /* AppDelegate.m in Sources */,
				AAE2DB0D1ABA4BD500A75FA8 /* README.md in Sources */,
				AA2145E81ABA4FD900592B22 /* CalendarsTableViewController.m in Sources */,
				AAD893361ABA49E30098A98A /* main.m in Sources */,
			);
			runOnlyForDeploymentPostprocessing = 0;
		};
		AAD893451ABA49E30098A98A /* Sources */ = {
			isa = PBXSourcesBuildPhase;
			buildActionMask = 2147483647;
			files = (
				AAD893501ABA49E30098A98A /* TrackerTests.m in Sources */,
			);
			runOnlyForDeploymentPostprocessing = 0;
		};
/* End PBXSourcesBuildPhase section */

/* Begin PBXTargetDependency section */
		AAD8934B1ABA49E30098A98A /* PBXTargetDependency */ = {
			isa = PBXTargetDependency;
			target = AAD8932F1ABA49E30098A98A /* Tracker */;
			targetProxy = AAD8934A1ABA49E30098A98A /* PBXContainerItemProxy */;
		};
/* End PBXTargetDependency section */

/* Begin PBXVariantGroup section */
		AAD8933D1ABA49E30098A98A /* Main.storyboard */ = {
			isa = PBXVariantGroup;
			children = (
				AAD8933E1ABA49E30098A98A /* Base */,
			);
			name = Main.storyboard;
			sourceTree = "<group>";
		};
		AAD893421ABA49E30098A98A /* LaunchScreen.xib */ = {
			isa = PBXVariantGroup;
			children = (
				AAD893431ABA49E30098A98A /* Base */,
			);
			name = LaunchScreen.xib;
			sourceTree = "<group>";
		};
/* End PBXVariantGroup section */

/* Begin XCBuildConfiguration section */
		AAD893511ABA49E30098A98A /* Debug */ = {
			isa = XCBuildConfiguration;
			buildSettings = {
				ALWAYS_SEARCH_USER_PATHS = NO;
				CLANG_CXX_LANGUAGE_STANDARD = "gnu++0x";
				CLANG_CXX_LIBRARY = "libc++";
				CLANG_ENABLE_MODULES = YES;
				CLANG_ENABLE_OBJC_ARC = YES;
				CLANG_WARN_BOOL_CONVERSION = YES;
				CLANG_WARN_CONSTANT_CONVERSION = YES;
				CLANG_WARN_DIRECT_OBJC_ISA_USAGE = YES_ERROR;
				CLANG_WARN_EMPTY_BODY = YES;
				CLANG_WARN_ENUM_CONVERSION = YES;
				CLANG_WARN_INT_CONVERSION = YES;
				CLANG_WARN_OBJC_ROOT_CLASS = YES_ERROR;
				CLANG_WARN_UNREACHABLE_CODE = YES;
				CLANG_WARN__DUPLICATE_METHOD_MATCH = YES;
				"CODE_SIGN_IDENTITY[sdk=iphoneos*]" = "iPhone Developer";
				COPY_PHASE_STRIP = NO;
				ENABLE_STRICT_OBJC_MSGSEND = YES;
				GCC_C_LANGUAGE_STANDARD = gnu99;
				GCC_DYNAMIC_NO_PIC = NO;
				GCC_OPTIMIZATION_LEVEL = 0;
				GCC_PREPROCESSOR_DEFINITIONS = (
					"DEBUG=1",
					"$(inherited)",
				);
				GCC_SYMBOLS_PRIVATE_EXTERN = NO;
				GCC_WARN_64_TO_32_BIT_CONVERSION = YES;
				GCC_WARN_ABOUT_RETURN_TYPE = YES_ERROR;
				GCC_WARN_UNDECLARED_SELECTOR = YES;
				GCC_WARN_UNINITIALIZED_AUTOS = YES_AGGRESSIVE;
				GCC_WARN_UNUSED_FUNCTION = YES;
				GCC_WARN_UNUSED_VARIABLE = YES;
				IPHONEOS_DEPLOYMENT_TARGET = 8.2;
				MTL_ENABLE_DEBUG_INFO = YES;
				ONLY_ACTIVE_ARCH = YES;
				SDKROOT = iphoneos;
			};
			name = Debug;
		};
		AAD893521ABA49E30098A98A /* Release */ = {
			isa = XCBuildConfiguration;
			buildSettings = {
				ALWAYS_SEARCH_USER_PATHS = NO;
				CLANG_CXX_LANGUAGE_STANDARD = "gnu++0x";
				CLANG_CXX_LIBRARY = "libc++";
				CLANG_ENABLE_MODULES = YES;
				CLANG_ENABLE_OBJC_ARC = YES;
				CLANG_WARN_BOOL_CONVERSION = YES;
				CLANG_WARN_CONSTANT_CONVERSION = YES;
				CLANG_WARN_DIRECT_OBJC_ISA_USAGE = YES_ERROR;
				CLANG_WARN_EMPTY_BODY = YES;
				CLANG_WARN_ENUM_CONVERSION = YES;
				CLANG_WARN_INT_CONVERSION = YES;
				CLANG_WARN_OBJC_ROOT_CLASS = YES_ERROR;
				CLANG_WARN_UNREACHABLE_CODE = YES;
				CLANG_WARN__DUPLICATE_METHOD_MATCH = YES;
				"CODE_SIGN_IDENTITY[sdk=iphoneos*]" = "iPhone Developer";
				COPY_PHASE_STRIP = NO;
				ENABLE_NS_ASSERTIONS = NO;
				ENABLE_STRICT_OBJC_MSGSEND = YES;
				GCC_C_LANGUAGE_STANDARD = gnu99;
				GCC_WARN_64_TO_32_BIT_CONVERSION = YES;
				GCC_WARN_ABOUT_RETURN_TYPE = YES_ERROR;
				GCC_WARN_UNDECLARED_SELECTOR = YES;
				GCC_WARN_UNINITIALIZED_AUTOS = YES_AGGRESSIVE;
				GCC_WARN_UNUSED_FUNCTION = YES;
				GCC_WARN_UNUSED_VARIABLE = YES;
				IPHONEOS_DEPLOYMENT_TARGET = 8.2;
				MTL_ENABLE_DEBUG_INFO = NO;
				SDKROOT = iphoneos;
				VALIDATE_PRODUCT = YES;
			};
			name = Release;
		};
		AAD893541ABA49E30098A98A /* Debug */ = {
			isa = XCBuildConfiguration;
			baseConfigurationReference = 5DE7834ACD31361380613438 /* Pods.debug.xcconfig */;
			buildSettings = {
				ASSETCATALOG_COMPILER_APPICON_NAME = AppIcon;
				INFOPLIST_FILE = Tracker/Info.plist;
				LD_RUNPATH_SEARCH_PATHS = "$(inherited) @executable_path/Frameworks";
				PRODUCT_NAME = "$(TARGET_NAME)";
			};
			name = Debug;
		};
		AAD893551ABA49E30098A98A /* Release */ = {
			isa = XCBuildConfiguration;
			baseConfigurationReference = 375BD0DB8D77A24EB0E0C9E0 /* Pods.release.xcconfig */;
			buildSettings = {
				ASSETCATALOG_COMPILER_APPICON_NAME = AppIcon;
				INFOPLIST_FILE = Tracker/Info.plist;
				LD_RUNPATH_SEARCH_PATHS = "$(inherited) @executable_path/Frameworks";
				PRODUCT_NAME = "$(TARGET_NAME)";
			};
			name = Release;
		};
		AAD893571ABA49E30098A98A /* Debug */ = {
			isa = XCBuildConfiguration;
			buildSettings = {
				BUNDLE_LOADER = "$(TEST_HOST)";
				FRAMEWORK_SEARCH_PATHS = (
					"$(SDKROOT)/Developer/Library/Frameworks",
					"$(inherited)",
				);
				GCC_PREPROCESSOR_DEFINITIONS = (
					"DEBUG=1",
					"$(inherited)",
				);
				INFOPLIST_FILE = TrackerTests/Info.plist;
				LD_RUNPATH_SEARCH_PATHS = "$(inherited) @executable_path/Frameworks @loader_path/Frameworks";
				PRODUCT_NAME = "$(TARGET_NAME)";
				TEST_HOST = "$(BUILT_PRODUCTS_DIR)/Tracker.app/Tracker";
			};
			name = Debug;
		};
		AAD893581ABA49E30098A98A /* Release */ = {
			isa = XCBuildConfiguration;
			buildSettings = {
				BUNDLE_LOADER = "$(TEST_HOST)";
				FRAMEWORK_SEARCH_PATHS = (
					"$(SDKROOT)/Developer/Library/Frameworks",
					"$(inherited)",
				);
				INFOPLIST_FILE = TrackerTests/Info.plist;
				LD_RUNPATH_SEARCH_PATHS = "$(inherited) @executable_path/Frameworks @loader_path/Frameworks";
				PRODUCT_NAME = "$(TARGET_NAME)";
				TEST_HOST = "$(BUILT_PRODUCTS_DIR)/Tracker.app/Tracker";
			};
			name = Release;
		};
/* End XCBuildConfiguration section */

/* Begin XCConfigurationList section */
		AAD8932B1ABA49E30098A98A /* Build configuration list for PBXProject "Tracker" */ = {
			isa = XCConfigurationList;
			buildConfigurations = (
				AAD893511ABA49E30098A98A /* Debug */,
				AAD893521ABA49E30098A98A /* Release */,
			);
			defaultConfigurationIsVisible = 0;
			defaultConfigurationName = Release;
		};
		AAD893531ABA49E30098A98A /* Build configuration list for PBXNativeTarget "Tracker" */ = {
			isa = XCConfigurationList;
			buildConfigurations = (
				AAD893541ABA49E30098A98A /* Debug */,
				AAD893551ABA49E30098A98A /* Release */,
			);
			defaultConfigurationIsVisible = 0;
			defaultConfigurationName = Release;
		};
		AAD893561ABA49E30098A98A /* Build configuration list for PBXNativeTarget "TrackerTests" */ = {
			isa = XCConfigurationList;
			buildConfigurations = (
				AAD893571ABA49E30098A98A /* Debug */,
				AAD893581ABA49E30098A98A /* Release */,
			);
			defaultConfigurationIsVisible = 0;
			defaultConfigurationName = Release;
		};
/* End XCConfigurationList section */
	};
	rootObject = AAD893281ABA49E30098A98A /* Project object */;
}
